// !$*UTF8*$!
{
	archiveVersion = 1;
	classes = {
	};
	objectVersion = 46;
	objects = {

/* Begin PBXBuildFile section */
		65672D641ADDFF6600D228AE /* main.cpp in Sources */ = {isa = PBXBuildFile; fileRef = 65672D631ADDFF6600D228AE /* main.cpp */; };
/* End PBXBuildFile section */

/* Begin PBXCopyFilesBuildPhase section */
		65672D5E1ADDFF6600D228AE /* CopyFiles */ = {
			isa = PBXCopyFilesBuildPhase;
			buildActionMask = 2147483647;
			dstPath = /usr/share/man/man1/;
			dstSubfolderSpec = 0;
			files = (
			);
			runOnlyForDeploymentPostprocessing = 1;
		};
/* End PBXCopyFilesBuildPhase section */

/* Begin PBXFileReference section */
		65672D601ADDFF6600D228AE /* CPPTools4Godpaper */ = {isa = PBXFileReference; explicitFileType = "compiled.mach-o.executable"; includeInIndex = 0; path = CPPTools4Godpaper; sourceTree = BUILT_PRODUCTS_DIR; };
		65672D631ADDFF6600D228AE /* main.cpp */ = {isa = PBXFileReference; lastKnownFileType = sourcecode.cpp.cpp; path = main.cpp; sourceTree = "<group>"; };
/* End PBXFileReference section */

/* Begin PBXFrameworksBuildPhase section */
		65672D5D1ADDFF6600D228AE /* Frameworks */ = {
			isa = PBXFrameworksBuildPhase;
			buildActionMask = 2147483647;
			files = (
			);
			runOnlyForDeploymentPostprocessing = 0;
		};
/* End PBXFrameworksBuildPhase section */

/* Begin PBXGroup section */
		65672D571ADDFF6500D228AE = {
			isa = PBXGroup;
			children = (
				65672D621ADDFF6600D228AE /* CPPTools4Godpaper */,
				65672D611ADDFF6600D228AE /* Products */,
			);
			sourceTree = "<group>";
		};
		65672D611ADDFF6600D228AE /* Products */ = {
			isa = PBXGroup;
			children = (
				65672D601ADDFF6600D228AE /* CPPTools4Godpaper */,
			);
			name = Products;
			sourceTree = "<group>";
		};
		65672D621ADDFF6600D228AE /* CPPTools4Godpaper */ = {
			isa = PBXGroup;
			children = (
				65672D631ADDFF6600D228AE /* main.cpp */,
			);
			path = CPPTools4Godpaper;
			sourceTree = "<group>";
		};
/* End PBXGroup section */

/* Begin PBXNativeTarget section */
		65672D5F1ADDFF6600D228AE /* CPPTools4Godpaper */ = {
			isa = PBXNativeTarget;
			buildConfigurationList = 65672D671ADDFF6600D228AE /* Build configuration list for PBXNativeTarget "CPPTools4Godpaper" */;
			buildPhases = (
				65672D5C1ADDFF6600D228AE /* Sources */,
				65672D5D1ADDFF6600D228AE /* Frameworks */,
				65672D5E1ADDFF6600D228AE /* CopyFiles */,
			);
			buildRules = (
			);
			dependencies = (
			);
			name = CPPTools4Godpaper;
			productName = CPPTools4Godpaper;
			productReference = 65672D601ADDFF6600D228AE /* CPPTools4Godpaper */;
			productType = "com.apple.product-type.tool";
		};
/* End PBXNativeTarget section */

/* Begin PBXProject section */
		65672D581ADDFF6500D228AE /* Project object */ = {
			isa = PBXProject;
			attributes = {
				LastUpgradeCheck = 0620;
				ORGANIZATIONNAME = GODPAPER;
				TargetAttributes = {
					65672D5F1ADDFF6600D228AE = {
						CreatedOnToolsVersion = 6.2;
					};
				};
			};
			buildConfigurationList = 65672D5B1ADDFF6500D228AE /* Build configuration list for PBXProject "CPPTools4Godpaper" */;
			compatibilityVersion = "Xcode 3.2";
			developmentRegion = English;
			hasScannedForEncodings = 0;
			knownRegions = (
				en,
			);
			mainGroup = 65672D571ADDFF6500D228AE;
			productRefGroup = 65672D611ADDFF6600D228AE /* Products */;
			projectDirPath = "";
			projectRoot = "";
			targets = (
				65672D5F1ADDFF6600D228AE /* CPPTools4Godpaper */,
			);
		};
/* End PBXProject section */

/* Begin PBXSourcesBuildPhase section */
		65672D5C1ADDFF6600D228AE /* Sources */ = {
			isa = PBXSourcesBuildPhase;
			buildActionMask = 2147483647;
			files = (
				65672D641ADDFF6600D228AE /* main.cpp in Sources */,
			);
			runOnlyForDeploymentPostprocessing = 0;
		};
/* End PBXSourcesBuildPhase section */

/* Begin XCBuildConfiguration section */
		65672D651ADDFF6600D228AE /* Debug */ = {
			isa = XCBuildConfiguration;
			buildSettings = {
				ALWAYS_SEARCH_USER_PATHS = NO;
				CLANG_CXX_LANGUAGE_STANDARD = "gnu++0x";
				CLANG_CXX_LIBRARY = "libc++";
				CLANG_ENABLE_MODULES = YES;
				CLANG_ENABLE_OBJC_ARC = YES;
				CLANG_WARN_BOOL_CONVERSION = YES;
				CLANG_WARN_CONSTANT_CONVERSION = YES;
				CLANG_WARN_DIRECT_OBJC_ISA_USAGE = YES_ERROR;
				CLANG_WARN_EMPTY_BODY = YES;
				CLANG_WARN_ENUM_CONVERSION = YES;
				CLANG_WARN_INT_CONVERSION = YES;
				CLANG_WARN_OBJC_ROOT_CLASS = YES_ERROR;
				CLANG_WARN_UNREACHABLE_CODE = YES;
				CLANG_WARN__DUPLICATE_METHOD_MATCH = YES;
				COPY_PHASE_STRIP = NO;
				ENABLE_STRICT_OBJC_MSGSEND = YES;
				GCC_C_LANGUAGE_STANDARD = gnu99;
				GCC_DYNAMIC_NO_PIC = NO;
				GCC_OPTIMIZATION_LEVEL = 0;
				GCC_PREPROCESSOR_DEFINITIONS = (
					"DEBUG=1",
					"$(inherited)",
				);
				GCC_SYMBOLS_PRIVATE_EXTERN = NO;
				GCC_WARN_64_TO_32_BIT_CONVERSION = YES;
				GCC_WARN_ABOUT_RETURN_TYPE = YES_ERROR;
				GCC_WARN_UNDECLARED_SELECTOR = YES;
				GCC_WARN_UNINITIALIZED_AUTOS = YES_AGGRESSIVE;
				GCC_WARN_UNUSED_FUNCTION = YES;
				GCC_WARN_UNUSED_VARIABLE = YES;
				MACOSX_DEPLOYMENT_TARGET = 10.9;
				MTL_ENABLE_DEBUG_INFO = YES;
				ONLY_ACTIVE_ARCH = YES;
				SDKROOT = macosx;
			};
			name = Debug;
		};
		65672D661ADDFF6600D228AE /* Release */ = {
			isa = XCBuildConfiguration;
			buildSettings = {
				ALWAYS_SEARCH_USER_PATHS = NO;
				CLANG_CXX_LANGUAGE_STANDARD = "gnu++0x";
				CLANG_CXX_LIBRARY = "libc++";
				CLANG_ENABLE_MODULES = YES;
				CLANG_ENABLE_OBJC_ARC = YES;
				CLANG_WARN_BOOL_CONVERSION = YES;
				CLANG_WARN_CONSTANT_CONVERSION = YES;
				CLANG_WARN_DIRECT_OBJC_ISA_USAGE = YES_ERROR;
				CLANG_WARN_EMPTY_BODY = YES;
				CLANG_WARN_ENUM_CONVERSION = YES;
				CLANG_WARN_INT_CONVERSION = YES;
				CLANG_WARN_OBJC_ROOT_CLASS = YES_ERROR;
				CLANG_WARN_UNREACHABLE_CODE = YES;
				CLANG_WARN__DUPLICATE_METHOD_MATCH = YES;
				COPY_PHASE_STRIP = NO;
				DEBUG_INFORMATION_FORMAT = "dwarf-with-dsym";
				ENABLE_NS_ASSERTIONS = NO;
				ENABLE_STRICT_OBJC_MSGSEND = YES;
				GCC_C_LANGUAGE_STANDARD = gnu99;
				GCC_WARN_64_TO_32_BIT_CONVERSION = YES;
				GCC_WARN_ABOUT_RETURN_TYPE = YES_ERROR;
				GCC_WARN_UNDECLARED_SELECTOR = YES;
				GCC_WARN_UNINITIALIZED_AUTOS = YES_AGGRESSIVE;
				GCC_WARN_UNUSED_FUNCTION = YES;
				GCC_WARN_UNUSED_VARIABLE = YES;
				MACOSX_DEPLOYMENT_TARGET = 10.9;
				MTL_ENABLE_DEBUG_INFO = NO;
				SDKROOT = macosx;
			};
			name = Release;
		};
		65672D681ADDFF6600D228AE /* Debug */ = {
			isa = XCBuildConfiguration;
			buildSettings = {
				PRODUCT_NAME = "$(TARGET_NAME)";
			};
			name = Debug;
		};
		65672D691ADDFF6600D228AE /* Release */ = {
			isa = XCBuildConfiguration;
			buildSettings = {
				PRODUCT_NAME = "$(TARGET_NAME)";
			};
			name = Release;
		};
/* End XCBuildConfiguration section */

/* Begin XCConfigurationList section */
		65672D5B1ADDFF6500D228AE /* Build configuration list for PBXProject "CPPTools4Godpaper" */ = {
			isa = XCConfigurationList;
			buildConfigurations = (
				65672D651ADDFF6600D228AE /* Debug */,
				65672D661ADDFF6600D228AE /* Release */,
			);
			defaultConfigurationIsVisible = 0;
			defaultConfigurationName = Release;
		};
		65672D671ADDFF6600D228AE /* Build configuration list for PBXNativeTarget "CPPTools4Godpaper" */ = {
			isa = XCConfigurationList;
			buildConfigurations = (
				65672D681ADDFF6600D228AE /* Debug */,
				65672D691ADDFF6600D228AE /* Release */,
			);
			defaultConfigurationIsVisible = 0;
		};
/* End XCConfigurationList section */
	};
	rootObject = 65672D581ADDFF6500D228AE /* Project object */;
}
