// !$*UTF8*$!
{
	archiveVersion = 1;
	classes = {
	};
	objectVersion = 46;
	objects = {

/* Begin PBXBuildFile section */
		65672D641ADDFF6600D228AE /* main.cpp in Sources */ = {isa = PBXBuildFile; fileRef = 65672D631ADDFF6600D228AE /* main.cpp */; };
/* End PBXBuildFile section */

/* Begin PBXCopyFilesBuildPhase section */
		65672D5E1ADDFF6600D228AE /* CopyFiles */ = {
			isa = PBXCopyFilesBuildPhase;
			buildActionMask = 2147483647;
			dstPath = /usr/share/man/man1/;
			dstSubfolderSpec = 0;
			files = (
			);
			runOnlyForDeploymentPostprocessing = 1;
		};
/* End PBXCopyFilesBuildPhase section */

/* Begin PBXFileReference section */
		6538466C1AFEE2E900273501 /* SortOptions.h */ = {isa = PBXFileReference; lastKnownFileType = sourcecode.c.h; path = SortOptions.h; sourceTree = "<group>"; };
		6538466D1AFEE31200273501 /* arrayedInsertionSort.h */ = {isa = PBXFileReference; lastKnownFileType = sourcecode.c.h; path = arrayedInsertionSort.h; sourceTree = "<group>"; };
		6538466F1AFEE33500273501 /* arrayedShellSort.h */ = {isa = PBXFileReference; lastKnownFileType = sourcecode.c.h; path = arrayedShellSort.h; sourceTree = "<group>"; };
		653846701AFEE35900273501 /* dLinkedInsertionSort.h */ = {isa = PBXFileReference; lastKnownFileType = sourcecode.c.h; path = dLinkedInsertionSort.h; sourceTree = "<group>"; };
		653846711AFEE37400273501 /* dLinkedInsertionSortCmp.h */ = {isa = PBXFileReference; lastKnownFileType = sourcecode.c.h; path = dLinkedInsertionSortCmp.h; sourceTree = "<group>"; };
		653846721AFEE38800273501 /* dLinkedMergeSort.h */ = {isa = PBXFileReference; lastKnownFileType = sourcecode.c.h; path = dLinkedMergeSort.h; sourceTree = "<group>"; };
		653846731AFEE39D00273501 /* dLinkedMergeSortCmp.h */ = {isa = PBXFileReference; lastKnownFileType = sourcecode.c.h; path = dLinkedMergeSortCmp.h; sourceTree = "<group>"; };
		653846741AFEE3F200273501 /* sLinkedInsertionSort.h */ = {isa = PBXFileReference; lastKnownFileType = sourcecode.c.h; path = sLinkedInsertionSort.h; sourceTree = "<group>"; };
		653846751AFEE40900273501 /* sLinkedInsertionSortCmp.h */ = {isa = PBXFileReference; lastKnownFileType = sourcecode.c.h; path = sLinkedInsertionSortCmp.h; sourceTree = "<group>"; };
		653846761AFEE41E00273501 /* sLinkedMergeSort.h */ = {isa = PBXFileReference; lastKnownFileType = sourcecode.c.h; path = sLinkedMergeSort.h; sourceTree = "<group>"; };
		653846771AFEE43000273501 /* sLinkedMergeSortCmp.h */ = {isa = PBXFileReference; lastKnownFileType = sourcecode.c.h; path = sLinkedMergeSortCmp.h; sourceTree = "<group>"; };
		653846781AFEE46500273501 /* compareStringCaseInSensitive.h */ = {isa = PBXFileReference; lastKnownFileType = sourcecode.c.h; path = compareStringCaseInSensitive.h; sourceTree = "<group>"; };
		653846791AFEE48000273501 /* compareStringCaseInSenstitiveDesc.h */ = {isa = PBXFileReference; lastKnownFileType = sourcecode.c.h; path = compareStringCaseInSenstitiveDesc.h; sourceTree = "<group>"; };
		6538467A1AFEE4A600273501 /* compareStringCaseSenstitive.h */ = {isa = PBXFileReference; lastKnownFileType = sourcecode.c.h; path = compareStringCaseSenstitive.h; sourceTree = "<group>"; };
		6538467B1AFEE4B900273501 /* compareStringCaseSenstitiveDesc.h */ = {isa = PBXFileReference; lastKnownFileType = sourcecode.c.h; path = compareStringCaseSenstitiveDesc.h; sourceTree = "<group>"; };
		65672D601ADDFF6600D228AE /* CPPTools4Godpaper */ = {isa = PBXFileReference; explicitFileType = "compiled.mach-o.executable"; includeInIndex = 0; path = CPPTools4Godpaper; sourceTree = BUILT_PRODUCTS_DIR; };
		65672D631ADDFF6600D228AE /* main.cpp */ = {isa = PBXFileReference; lastKnownFileType = sourcecode.cpp.cpp; path = main.cpp; sourceTree = "<group>"; };
		6587E5281AFD6A7A0051F5BA /* Iterator.h */ = {isa = PBXFileReference; lastKnownFileType = sourcecode.c.h; path = Iterator.h; sourceTree = "<group>"; };
		6587E5291AFD6B280051F5BA /* Interface.h */ = {isa = PBXFileReference; lastKnownFileType = sourcecode.c.h; path = Interface.h; sourceTree = "<group>"; };
		6587E52A1AFD6DE10051F5BA /* Collection.h */ = {isa = PBXFileReference; lastKnownFileType = sourcecode.c.h; path = Collection.h; sourceTree = "<group>"; };
		6587E52B1AFD6E500051F5BA /* Array2.h */ = {isa = PBXFileReference; lastKnownFileType = sourcecode.c.h; path = Array2.h; sourceTree = "<group>"; };
		6587E52C1AFD6E980051F5BA /* Array3.h */ = {isa = PBXFileReference; lastKnownFileType = sourcecode.c.h; path = Array3.h; sourceTree = "<group>"; };
		6587E52D1AFD6EB40051F5BA /* ArrayedQueue.h */ = {isa = PBXFileReference; lastKnownFileType = sourcecode.c.h; path = ArrayedQueue.h; sourceTree = "<group>"; };
		6587E52E1AFD6ED00051F5BA /* ArrayedStack.h */ = {isa = PBXFileReference; lastKnownFileType = sourcecode.c.h; path = ArrayedStack.h; sourceTree = "<group>"; };
		6587E52F1AFD6EFE0051F5BA /* BinarySearchTree.h */ = {isa = PBXFileReference; lastKnownFileType = sourcecode.c.h; path = BinarySearchTree.h; sourceTree = "<group>"; };
		6587E5301AFD6F1A0051F5BA /* BinaryTreeNode.h */ = {isa = PBXFileReference; lastKnownFileType = sourcecode.c.h; path = BinaryTreeNode.h; sourceTree = "<group>"; };
		6587E5311AFD6F330051F5BA /* BitVector.h */ = {isa = PBXFileReference; lastKnownFileType = sourcecode.c.h; path = BitVector.h; sourceTree = "<group>"; };
		6587E5321AFD6F5D0051F5BA /* DLinkedList.h */ = {isa = PBXFileReference; lastKnownFileType = sourcecode.c.h; path = DLinkedList.h; sourceTree = "<group>"; };
		6587E5331AFD6F7A0051F5BA /* DListIterator.h */ = {isa = PBXFileReference; lastKnownFileType = sourcecode.c.h; path = DListIterator.h; sourceTree = "<group>"; };
		6587E5341AFD6F920051F5BA /* DListNode.h */ = {isa = PBXFileReference; lastKnownFileType = sourcecode.c.h; path = DListNode.h; sourceTree = "<group>"; };
		6587E5351AFD6FA70051F5BA /* Graph.h */ = {isa = PBXFileReference; lastKnownFileType = sourcecode.c.h; path = Graph.h; sourceTree = "<group>"; };
		6587E5361AFD6FBE0051F5BA /* GraphArc.h */ = {isa = PBXFileReference; lastKnownFileType = sourcecode.c.h; path = GraphArc.h; sourceTree = "<group>"; };
		6587E5371AFD6FD00051F5BA /* GraphNode.h */ = {isa = PBXFileReference; lastKnownFileType = sourcecode.c.h; path = GraphNode.h; sourceTree = "<group>"; };
		6587E5381AFD6FF30051F5BA /* HashMap.h */ = {isa = PBXFileReference; lastKnownFileType = sourcecode.c.h; path = HashMap.h; sourceTree = "<group>"; };
		6587E5391AFD700A0051F5BA /* HashTable.h */ = {isa = PBXFileReference; lastKnownFileType = sourcecode.c.h; path = HashTable.h; sourceTree = "<group>"; };
		6587E53A1AFD70290051F5BA /* Heap.h */ = {isa = PBXFileReference; lastKnownFileType = sourcecode.c.h; path = Heap.h; sourceTree = "<group>"; };
		6587E53B1AFD70420051F5BA /* LinkedList.h */ = {isa = PBXFileReference; lastKnownFileType = sourcecode.c.h; path = LinkedList.h; sourceTree = "<group>"; };
		6587E53C1AFD70D30051F5BA /* LinkedListNode.h */ = {isa = PBXFileReference; lastKnownFileType = sourcecode.c.h; path = LinkedListNode.h; sourceTree = "<group>"; };
		6587E53D1AFD70F40051F5BA /* LinkedQueue.h */ = {isa = PBXFileReference; lastKnownFileType = sourcecode.c.h; path = LinkedQueue.h; sourceTree = "<group>"; };
		6587E53E1AFD710E0051F5BA /* LinkedStack.h */ = {isa = PBXFileReference; lastKnownFileType = sourcecode.c.h; path = LinkedStack.h; sourceTree = "<group>"; };
		6587E53F1AFD71260051F5BA /* NullIterator.h */ = {isa = PBXFileReference; lastKnownFileType = sourcecode.c.h; path = NullIterator.h; sourceTree = "<group>"; };
		6587E5401AFD71520051F5BA /* Prioritizable.h */ = {isa = PBXFileReference; lastKnownFileType = sourcecode.c.h; path = Prioritizable.h; sourceTree = "<group>"; };
		6587E5411AFD71770051F5BA /* PriorityQueue.h */ = {isa = PBXFileReference; lastKnownFileType = sourcecode.c.h; path = PriorityQueue.h; sourceTree = "<group>"; };
		6587E5421AFD71980051F5BA /* SLinkedList.h */ = {isa = PBXFileReference; lastKnownFileType = sourcecode.c.h; path = SLinkedList.h; sourceTree = "<group>"; };
		6587E5431AFD71B40051F5BA /* SListIterator.h */ = {isa = PBXFileReference; lastKnownFileType = sourcecode.c.h; path = SListIterator.h; sourceTree = "<group>"; };
		6587E5441AFD71D30051F5BA /* SListNode.h */ = {isa = PBXFileReference; lastKnownFileType = sourcecode.c.h; path = SListNode.h; sourceTree = "<group>"; };
		6587E5451AFD71E80051F5BA /* Set.h */ = {isa = PBXFileReference; lastKnownFileType = sourcecode.c.h; path = Set.h; sourceTree = "<group>"; };
		6587E5461AFD71FC0051F5BA /* TreeIterator.h */ = {isa = PBXFileReference; lastKnownFileType = sourcecode.c.h; path = TreeIterator.h; sourceTree = "<group>"; };
		6587E5471AFD72150051F5BA /* TreeNode.h */ = {isa = PBXFileReference; lastKnownFileType = sourcecode.c.h; path = TreeNode.h; sourceTree = "<group>"; };
		6587E5481AFD722B0051F5BA /* VectorUtils.h */ = {isa = PBXFileReference; lastKnownFileType = sourcecode.c.h; path = VectorUtils.h; sourceTree = "<group>"; };
/* End PBXFileReference section */

/* Begin PBXFrameworksBuildPhase section */
		65672D5D1ADDFF6600D228AE /* Frameworks */ = {
			isa = PBXFrameworksBuildPhase;
			buildActionMask = 2147483647;
			files = (
			);
			runOnlyForDeploymentPostprocessing = 0;
		};
/* End PBXFrameworksBuildPhase section */

/* Begin PBXGroup section */
		65672D571ADDFF6500D228AE = {
			isa = PBXGroup;
			children = (
				65672D621ADDFF6600D228AE /* CPPTools4Godpaper */,
				65672D611ADDFF6600D228AE /* Products */,
			);
			sourceTree = "<group>";
		};
		65672D611ADDFF6600D228AE /* Products */ = {
			isa = PBXGroup;
			children = (
				65672D601ADDFF6600D228AE /* CPPTools4Godpaper */,
			);
			name = Products;
			sourceTree = "<group>";
		};
		65672D621ADDFF6600D228AE /* CPPTools4Godpaper */ = {
			isa = PBXGroup;
			children = (
				6587E5251AFD6A430051F5BA /* de */,
				65672D631ADDFF6600D228AE /* main.cpp */,
			);
			path = CPPTools4Godpaper;
			sourceTree = "<group>";
		};
		6587E5251AFD6A430051F5BA /* de */ = {
			isa = PBXGroup;
			children = (
				6587E5261AFD6A430051F5BA /* polygonal */,
			);
			path = de;
			sourceTree = "<group>";
		};
		6587E5261AFD6A430051F5BA /* polygonal */ = {
			isa = PBXGroup;
			children = (
				6587E5271AFD6A430051F5BA /* ds */,
			);
			path = polygonal;
			sourceTree = "<group>";
		};
		6587E5271AFD6A430051F5BA /* ds */ = {
			isa = PBXGroup;
			children = (
				6587E5491AFD72540051F5BA /* sort */,
				6587E5281AFD6A7A0051F5BA /* Iterator.h */,
				6587E5291AFD6B280051F5BA /* Interface.h */,
				6587E52A1AFD6DE10051F5BA /* Collection.h */,
				6587E52B1AFD6E500051F5BA /* Array2.h */,
				6587E52C1AFD6E980051F5BA /* Array3.h */,
				6587E52D1AFD6EB40051F5BA /* ArrayedQueue.h */,
				6587E52E1AFD6ED00051F5BA /* ArrayedStack.h */,
				6587E52F1AFD6EFE0051F5BA /* BinarySearchTree.h */,
				6587E5301AFD6F1A0051F5BA /* BinaryTreeNode.h */,
				6587E5311AFD6F330051F5BA /* BitVector.h */,
				6587E5321AFD6F5D0051F5BA /* DLinkedList.h */,
				6587E5331AFD6F7A0051F5BA /* DListIterator.h */,
				6587E5341AFD6F920051F5BA /* DListNode.h */,
				6587E5351AFD6FA70051F5BA /* Graph.h */,
				6587E5361AFD6FBE0051F5BA /* GraphArc.h */,
				6587E5371AFD6FD00051F5BA /* GraphNode.h */,
				6587E5381AFD6FF30051F5BA /* HashMap.h */,
				6587E5391AFD700A0051F5BA /* HashTable.h */,
				6587E53A1AFD70290051F5BA /* Heap.h */,
				6587E53B1AFD70420051F5BA /* LinkedList.h */,
				6587E53C1AFD70D30051F5BA /* LinkedListNode.h */,
				6587E53D1AFD70F40051F5BA /* LinkedQueue.h */,
				6587E53E1AFD710E0051F5BA /* LinkedStack.h */,
				6587E53F1AFD71260051F5BA /* NullIterator.h */,
				6587E5401AFD71520051F5BA /* Prioritizable.h */,
				6587E5411AFD71770051F5BA /* PriorityQueue.h */,
				6587E5421AFD71980051F5BA /* SLinkedList.h */,
				6587E5431AFD71B40051F5BA /* SListIterator.h */,
				6587E5441AFD71D30051F5BA /* SListNode.h */,
				6587E5451AFD71E80051F5BA /* Set.h */,
				6587E5461AFD71FC0051F5BA /* TreeIterator.h */,
				6587E5471AFD72150051F5BA /* TreeNode.h */,
				6587E5481AFD722B0051F5BA /* VectorUtils.h */,
			);
			path = ds;
			sourceTree = "<group>";
		};
		6587E5491AFD72540051F5BA /* sort */ = {
			isa = PBXGroup;
			children = (
				6587E54A1AFD73040051F5BA /* compare */,
				6538466C1AFEE2E900273501 /* SortOptions.h */,
				6538466D1AFEE31200273501 /* arrayedInsertionSort.h */,
				6538466F1AFEE33500273501 /* arrayedShellSort.h */,
				653846701AFEE35900273501 /* dLinkedInsertionSort.h */,
				653846711AFEE37400273501 /* dLinkedInsertionSortCmp.h */,
				653846721AFEE38800273501 /* dLinkedMergeSort.h */,
				653846731AFEE39D00273501 /* dLinkedMergeSortCmp.h */,
				653846741AFEE3F200273501 /* sLinkedInsertionSort.h */,
				653846751AFEE40900273501 /* sLinkedInsertionSortCmp.h */,
				653846761AFEE41E00273501 /* sLinkedMergeSort.h */,
				653846771AFEE43000273501 /* sLinkedMergeSortCmp.h */,
			);
			path = sort;
			sourceTree = "<group>";
		};
		6587E54A1AFD73040051F5BA /* compare */ = {
			isa = PBXGroup;
			children = (
				653846781AFEE46500273501 /* compareStringCaseInSensitive.h */,
				653846791AFEE48000273501 /* compareStringCaseInSenstitiveDesc.h */,
				6538467A1AFEE4A600273501 /* compareStringCaseSenstitive.h */,
				6538467B1AFEE4B900273501 /* compareStringCaseSenstitiveDesc.h */,
			);
			path = compare;
			sourceTree = "<group>";
		};
/* End PBXGroup section */

/* Begin PBXNativeTarget section */
		65672D5F1ADDFF6600D228AE /* CPPTools4Godpaper */ = {
			isa = PBXNativeTarget;
			buildConfigurationList = 65672D671ADDFF6600D228AE /* Build configuration list for PBXNativeTarget "CPPTools4Godpaper" */;
			buildPhases = (
				65672D5C1ADDFF6600D228AE /* Sources */,
				65672D5D1ADDFF6600D228AE /* Frameworks */,
				65672D5E1ADDFF6600D228AE /* CopyFiles */,
			);
			buildRules = (
			);
			dependencies = (
			);
			name = CPPTools4Godpaper;
			productName = CPPTools4Godpaper;
			productReference = 65672D601ADDFF6600D228AE /* CPPTools4Godpaper */;
			productType = "com.apple.product-type.tool";
		};
/* End PBXNativeTarget section */

/* Begin PBXProject section */
		65672D581ADDFF6500D228AE /* Project object */ = {
			isa = PBXProject;
			attributes = {
				LastUpgradeCheck = 0620;
				ORGANIZATIONNAME = GODPAPER;
				TargetAttributes = {
					65672D5F1ADDFF6600D228AE = {
						CreatedOnToolsVersion = 6.2;
					};
				};
			};
			buildConfigurationList = 65672D5B1ADDFF6500D228AE /* Build configuration list for PBXProject "CPPTools4Godpaper" */;
			compatibilityVersion = "Xcode 3.2";
			developmentRegion = English;
			hasScannedForEncodings = 0;
			knownRegions = (
				en,
			);
			mainGroup = 65672D571ADDFF6500D228AE;
			productRefGroup = 65672D611ADDFF6600D228AE /* Products */;
			projectDirPath = "";
			projectRoot = "";
			targets = (
				65672D5F1ADDFF6600D228AE /* CPPTools4Godpaper */,
			);
		};
/* End PBXProject section */

/* Begin PBXSourcesBuildPhase section */
		65672D5C1ADDFF6600D228AE /* Sources */ = {
			isa = PBXSourcesBuildPhase;
			buildActionMask = 2147483647;
			files = (
				65672D641ADDFF6600D228AE /* main.cpp in Sources */,
			);
			runOnlyForDeploymentPostprocessing = 0;
		};
/* End PBXSourcesBuildPhase section */

/* Begin XCBuildConfiguration section */
		65672D651ADDFF6600D228AE /* Debug */ = {
			isa = XCBuildConfiguration;
			buildSettings = {
				ALWAYS_SEARCH_USER_PATHS = NO;
				CLANG_CXX_LANGUAGE_STANDARD = "gnu++0x";
				CLANG_CXX_LIBRARY = "libc++";
				CLANG_ENABLE_MODULES = YES;
				CLANG_ENABLE_OBJC_ARC = YES;
				CLANG_WARN_BOOL_CONVERSION = YES;
				CLANG_WARN_CONSTANT_CONVERSION = YES;
				CLANG_WARN_DIRECT_OBJC_ISA_USAGE = YES_ERROR;
				CLANG_WARN_EMPTY_BODY = YES;
				CLANG_WARN_ENUM_CONVERSION = YES;
				CLANG_WARN_INT_CONVERSION = YES;
				CLANG_WARN_OBJC_ROOT_CLASS = YES_ERROR;
				CLANG_WARN_UNREACHABLE_CODE = YES;
				CLANG_WARN__DUPLICATE_METHOD_MATCH = YES;
				COPY_PHASE_STRIP = NO;
				ENABLE_STRICT_OBJC_MSGSEND = YES;
				GCC_C_LANGUAGE_STANDARD = gnu99;
				GCC_DYNAMIC_NO_PIC = NO;
				GCC_OPTIMIZATION_LEVEL = 0;
				GCC_PREPROCESSOR_DEFINITIONS = (
					"DEBUG=1",
					"$(inherited)",
				);
				GCC_SYMBOLS_PRIVATE_EXTERN = NO;
				GCC_WARN_64_TO_32_BIT_CONVERSION = YES;
				GCC_WARN_ABOUT_RETURN_TYPE = YES_ERROR;
				GCC_WARN_UNDECLARED_SELECTOR = YES;
				GCC_WARN_UNINITIALIZED_AUTOS = YES_AGGRESSIVE;
				GCC_WARN_UNUSED_FUNCTION = YES;
				GCC_WARN_UNUSED_VARIABLE = YES;
				MACOSX_DEPLOYMENT_TARGET = 10.9;
				MTL_ENABLE_DEBUG_INFO = YES;
				ONLY_ACTIVE_ARCH = YES;
				SDKROOT = macosx;
			};
			name = Debug;
		};
		65672D661ADDFF6600D228AE /* Release */ = {
			isa = XCBuildConfiguration;
			buildSettings = {
				ALWAYS_SEARCH_USER_PATHS = NO;
				CLANG_CXX_LANGUAGE_STANDARD = "gnu++0x";
				CLANG_CXX_LIBRARY = "libc++";
				CLANG_ENABLE_MODULES = YES;
				CLANG_ENABLE_OBJC_ARC = YES;
				CLANG_WARN_BOOL_CONVERSION = YES;
				CLANG_WARN_CONSTANT_CONVERSION = YES;
				CLANG_WARN_DIRECT_OBJC_ISA_USAGE = YES_ERROR;
				CLANG_WARN_EMPTY_BODY = YES;
				CLANG_WARN_ENUM_CONVERSION = YES;
				CLANG_WARN_INT_CONVERSION = YES;
				CLANG_WARN_OBJC_ROOT_CLASS = YES_ERROR;
				CLANG_WARN_UNREACHABLE_CODE = YES;
				CLANG_WARN__DUPLICATE_METHOD_MATCH = YES;
				COPY_PHASE_STRIP = NO;
				DEBUG_INFORMATION_FORMAT = "dwarf-with-dsym";
				ENABLE_NS_ASSERTIONS = NO;
				ENABLE_STRICT_OBJC_MSGSEND = YES;
				GCC_C_LANGUAGE_STANDARD = gnu99;
				GCC_WARN_64_TO_32_BIT_CONVERSION = YES;
				GCC_WARN_ABOUT_RETURN_TYPE = YES_ERROR;
				GCC_WARN_UNDECLARED_SELECTOR = YES;
				GCC_WARN_UNINITIALIZED_AUTOS = YES_AGGRESSIVE;
				GCC_WARN_UNUSED_FUNCTION = YES;
				GCC_WARN_UNUSED_VARIABLE = YES;
				MACOSX_DEPLOYMENT_TARGET = 10.9;
				MTL_ENABLE_DEBUG_INFO = NO;
				SDKROOT = macosx;
			};
			name = Release;
		};
		65672D681ADDFF6600D228AE /* Debug */ = {
			isa = XCBuildConfiguration;
			buildSettings = {
				PRODUCT_NAME = "$(TARGET_NAME)";
			};
			name = Debug;
		};
		65672D691ADDFF6600D228AE /* Release */ = {
			isa = XCBuildConfiguration;
			buildSettings = {
				PRODUCT_NAME = "$(TARGET_NAME)";
			};
			name = Release;
		};
/* End XCBuildConfiguration section */

/* Begin XCConfigurationList section */
		65672D5B1ADDFF6500D228AE /* Build configuration list for PBXProject "CPPTools4Godpaper" */ = {
			isa = XCConfigurationList;
			buildConfigurations = (
				65672D651ADDFF6600D228AE /* Debug */,
				65672D661ADDFF6600D228AE /* Release */,
			);
			defaultConfigurationIsVisible = 0;
			defaultConfigurationName = Release;
		};
		65672D671ADDFF6600D228AE /* Build configuration list for PBXNativeTarget "CPPTools4Godpaper" */ = {
			isa = XCConfigurationList;
			buildConfigurations = (
				65672D681ADDFF6600D228AE /* Debug */,
				65672D691ADDFF6600D228AE /* Release */,
			);
			defaultConfigurationIsVisible = 0;
			defaultConfigurationName = Release;
		};
/* End XCConfigurationList section */
	};
	rootObject = 65672D581ADDFF6500D228AE /* Project object */;
}
